
Microsoft Visual Studio Solution File, Format Version 12.00
# Visual Studio Version 17
VisualStudioVersion = 17.4.33213.308
MinimumVisualStudioVersion = 10.0.40219.1
Project("{9A19103F-16F7-4668-BE54-9A1E7A4F7556}") = "OnlineShop", "OnlineShop\OnlineShop.csproj", "{4BDE2E72-D712-4910-AC7E-4E6DA3734A12}"
EndProject
Project("{9A19103F-16F7-4668-BE54-9A1E7A4F7556}") = "OnlineShop.Data", "OnlineShop.Data\OnlineShop.Data.csproj", "{9E008B40-D8C2-4BBD-8BC3-DF0C3FB289D6}"
EndProject
Project("{9A19103F-16F7-4668-BE54-9A1E7A4F7556}") = "OnlineShop.Services", "OnlineShop.Services\OnlineShop.Services.csproj", "{44C3CC23-EBFD-4F52-AE76-FD0E07405E90}"
EndProject
Global
	GlobalSection(SolutionConfigurationPlatforms) = preSolution
		Debug|Any CPU = Debug|Any CPU
		Release|Any CPU = Release|Any CPU
	EndGlobalSection
	GlobalSection(ProjectConfigurationPlatforms) = postSolution
		{4BDE2E72-D712-4910-AC7E-4E6DA3734A12}.Debug|Any CPU.ActiveCfg = Debug|Any CPU
		{4BDE2E72-D712-4910-AC7E-4E6DA3734A12}.Debug|Any CPU.Build.0 = Debug|Any CPU
		{4BDE2E72-D712-4910-AC7E-4E6DA3734A12}.Release|Any CPU.ActiveCfg = Release|Any CPU
		{4BDE2E72-D712-4910-AC7E-4E6DA3734A12}.Release|Any CPU.Build.0 = Release|Any CPU
		{9E008B40-D8C2-4BBD-8BC3-DF0C3FB289D6}.Debug|Any CPU.ActiveCfg = Debug|Any CPU
		{9E008B40-D8C2-4BBD-8BC3-DF0C3FB289D6}.Debug|Any CPU.Build.0 = Debug|Any CPU
		{9E008B40-D8C2-4BBD-8BC3-DF0C3FB289D6}.Release|Any CPU.ActiveCfg = Release|Any CPU
		{9E008B40-D8C2-4BBD-8BC3-DF0C3FB289D6}.Release|Any CPU.Build.0 = Release|Any CPU
		{44C3CC23-EBFD-4F52-AE76-FD0E07405E90}.Debug|Any CPU.ActiveCfg = Debug|Any CPU
		{44C3CC23-EBFD-4F52-AE76-FD0E07405E90}.Debug|Any CPU.Build.0 = Debug|Any CPU
		{44C3CC23-EBFD-4F52-AE76-FD0E07405E90}.Release|Any CPU.ActiveCfg = Release|Any CPU
		{44C3CC23-EBFD-4F52-AE76-FD0E07405E90}.Release|Any CPU.Build.0 = Release|Any CPU
	EndGlobalSection
	GlobalSection(SolutionProperties) = preSolution
		HideSolutionNode = FALSE
	EndGlobalSection
	GlobalSection(ExtensibilityGlobals) = postSolution
		SolutionGuid = {B383EDF1-8B1B-4487-AEA8-492F3BBDB578}
	EndGlobalSection
EndGlobal
